{
	"name": "totalproject",
	"version": "1.0.0",
	"lockfileVersion": 1,
	"requires": true,
	"dependencies": {
		"total4": {
			"version": "0.0.44",
			"resolved": "https://registry.npmjs.org/total4/-/total4-0.0.44.tgz",
			"integrity": "sha512-4stz3a5IukTu5hiRSCVw9YQrj83mFzqoVSWuu73fbg6juQkqNlXRg8/kkEZlX5uU6IWQoFYo38qiFZ5LoYFgPA=="
		}
	}
}
